name: ScopeLock AI Audit
on:
  pull_request:
    branches: [main, master, develop]
  push:
    branches: [main, master]

jobs:
  scope-audit:
    name: UCC § 2-209 Scope Creep Audit
    runs-on: ubuntu-latest
    steps:
      - name: Checkout Repository
        uses: actions/checkout@v4
        with:
          fetch-depth: 0

      - name: Setup Node.js
        uses: actions/setup-node@v4
        with:
          node-version: 20

      - name: Execute ScopeLock Forensic Audit
        run: npx --yes scopelock-audit
